{
    "_meta": {
        "hash": {
            "sha256": "d48a57e1d326ba6128525c5ff9826fd10c2110c37cf7bd68dac32ef9364f5ce6"
        },
        "pipfile-spec": 6,
        "requires": {
            "python_version": "3.7"
        },
        "sources": [
            {
                "name": "pypi",
                "url": "https://pypi.python.org/simple",
                "verify_ssl": true
            }
        ]
    },
    "default": {
        "aiofiles": {
            "hashes": [
                "sha256:021ea0ba314a86027c166ecc4b4c07f2d40fc0f4b3a950d1868a0f2571c2bbee",
                "sha256:1e644c2573f953664368de28d2aa4c89dfd64550429d0c27c4680ccd3aa4985d"
            ],
            "version": "==0.4.0"
        },
        "async-generator": {
            "hashes": [
                "sha256:01c7bf666359b4967d2cda0000cc2e4af16a0ae098cbffcb8472fb9e8ad6585b",
                "sha256:6ebb3d106c12920aaae42ccb6f787ef5eefdcdd166ea3d628fa8476abe712144"
            ],
            "version": "==1.10"
        },
        "attrs": {
            "hashes": [
                "sha256:08a96c641c3a74e44eb59afb61a24f2cb9f4d7188748e76ba4bb5edfa3cb7d1c",
                "sha256:f7b7ce16570fe9965acd6d30101a28f62fb4a7f9e926b3bbc9b61f8b04247e72"
            ],
            "index": "pypi",
            "version": "==19.3.0"
        },
        "bidict": {
            "hashes": [
                "sha256:1742a25a9ef1b1ac4000683406879a3e1a6577faa02f31e482e6c84e2e3bf628",
                "sha256:621db384daef94b7031897ca479f4feed025989a64e91c6fae88fb88a842488c"
            ],
            "index": "pypi",
            "version": "==0.18.3"
        },
        "bitstring": {
            "hashes": [
                "sha256:7b60b0c300d0d3d0a24ec84abfda4b0eaed3dc56dc90f6cbfe497166c9ad8443",
                "sha256:c97a8e2a136e99b523b27da420736ae5cb68f83519d633794a6a11192f69f8bf",
                "sha256:e392819965e7e0246e3cf6a51d5a54e731890ae03ebbfa3cd0e4f74909072096"
            ],
            "index": "pypi",
            "version": "==3.1.6"
        },
        "blinker": {
            "hashes": [
                "sha256:471aee25f3992bd325afa3772f1063dbdbbca947a041b8b89466dc00d606f8b6"
            ],
            "index": "pypi",
            "version": "==1.4"
        },
        "certifi": {
            "hashes": [
                "sha256:e4f3620cfea4f83eedc95b24abd9cd56f3c4b146dd0177e83a21b4eb49e21e50",
                "sha256:fd7c7c74727ddcf00e9acd26bba8da604ffec95bf1c2144e67aff7a8b50e6cef"
            ],
            "version": "==2019.9.11"
        },
        "click": {
            "hashes": [
                "sha256:2335065e6395b9e67ca716de5f7526736bfa6ceead690adf616d925bdc622b13",
                "sha256:5b94b49521f6456670fdb30cd82a4eca9412788a93fa6dd6df72c94d5a8ff2d7"
            ],
            "index": "pypi",
            "version": "==7.0"
        },
        "flockwave-conn": {
            "extras": [
                "midi",
                "serial"
            ],
            "file": "https://git.collmot.com/collmot/flockwave-conn/archive/1.7.1.tar.gz"
        },
        "flockwave-ext": {
            "file": "https://git.collmot.com/collmot/flockwave-ext/archive/1.0.1.tar.gz"
        },
        "flockwave-flockctrl": {
            "file": "https://git.collmot.com/collmot/flockwave-flockctrl/archive/0.2.1.tar.gz"
        },
        "flockwave-gps": {
            "file": "https://git.collmot.com/collmot/flockwave-gps/archive/0.10.0.tar.gz"
        },
        "flockwave-logger": {
            "file": "https://git.collmot.com/collmot/flockwave-logger/archive/1.0.0.tar.gz"
        },
        "flockwave-parsers": {
            "file": "https://git.collmot.com/collmot/flockwave-parsers/archive/1.1.1.tar.gz"
        },
        "flockwave-spec": {
            "file": "https://git.collmot.com/collmot/flockwave-spec/archive/0.20.0.tar.gz"
        },
        "future": {
            "hashes": [
                "sha256:b1bead90b70cf6ec3f0710ae53a525360fa360d306a86583adc6bf83a4db537d"
            ],
            "version": "==0.18.2"
        },
        "h11": {
            "hashes": [
                "sha256:33d4bca7be0fa039f4e84d50ab00531047e53d6ee8ffbc83501ea602c169cae1",
                "sha256:4bc6d6a1238b7615b266ada57e0618568066f57dd6fa967d1290ec9309b2f2f1"
            ],
            "version": "==0.9.0"
        },
        "h2": {
            "hashes": [
                "sha256:ac377fcf586314ef3177bfd90c12c7826ab0840edeb03f0f24f511858326049e",
                "sha256:b8a32bd282594424c0ac55845377eea13fa54fe4a8db012f3a198ed923dc3ab4"
            ],
            "version": "==3.1.1"
        },
        "hpack": {
            "hashes": [
                "sha256:0edd79eda27a53ba5be2dfabf3b15780928a0dff6eb0c60a3d6767720e970c89",
                "sha256:8eec9c1f4bfae3408a3f30500261f7e6a65912dc138526ea054f9ad98892e9d2"
            ],
            "version": "==3.0.0"
        },
        "hypercorn": {
            "extras": [
                "trio"
            ],
            "hashes": [
                "sha256:e41aa7bd3b16f0a1af6c43cd9fb21af0d245fe2796ce29bcfe8dd9ab9bacd975",
                "sha256:e8dc880d57cdb8103873316d195600e3ece5dc32e3f108cb0c32862ce81a5480"
            ],
            "index": "pypi",
            "version": "==0.9.0"
        },
        "hyperframe": {
            "hashes": [
                "sha256:5187962cb16dcc078f23cb5a4b110098d546c3f41ff2d4038a9896893bbd0b40",
                "sha256:a9f5c17f2cc3c719b917c4f33ed1c61bd1f8dfac4b1bd23b7c80b3400971b41f"
            ],
            "version": "==5.2.0"
        },
        "idna": {
            "hashes": [
                "sha256:c357b3f628cf53ae2c4c05627ecc484553142ca23264e593d327bcde5e9c3407",
                "sha256:ea8b7f6188e6fa117537c3df7da9fc686d485087abf6ac197f9c46432f7e4a3c"
            ],
            "version": "==2.8"
        },
        "ifaddr": {
            "hashes": [
                "sha256:c19c64882a7ad51a394451dabcbbed72e98b5625ec1e79789924d5ea3e3ecb93"
            ],
            "version": "==0.1.6"
        },
        "importlib-metadata": {
            "hashes": [
                "sha256:aa18d7378b00b40847790e7c27e11673d7fed219354109d0e7b9e5b25dc3ad26",
                "sha256:d5f18a79777f3aa179c145737780282e27b508fc8fd688cb17c7a813e8bd39af"
            ],
            "version": "==0.23"
        },
        "itsdangerous": {
            "hashes": [
                "sha256:321b033d07f2a4136d3ec762eac9f16a10ccd60f53c0c91af90217ace7ba1f19",
                "sha256:b12271b2047cb23eeb98c8b5622e2e5c5e9abd9784a153e9d8ef9cb4dd09d749"
            ],
            "version": "==1.1.0"
        },
        "jinja2": {
            "hashes": [
                "sha256:74320bb91f31270f9551d46522e33af46a80c3d619f4a4bf42b3164d30b5911f",
                "sha256:9fe95f19286cfefaa917656583d020be14e7859c6b0252588391e47db34527de"
            ],
            "version": "==2.10.3"
        },
        "jsonschema": {
            "hashes": [
                "sha256:2fa0684276b6333ff3c0b1b27081f4b2305f0a36cf702a23db50edb141893c3f",
                "sha256:94c0a13b4a0616458b42529091624e66700a17f847453e52279e35509a5b7631"
            ],
            "index": "pypi",
            "version": "==3.1.1"
        },
        "lxml": {
            "hashes": [
                "sha256:02ca7bf899da57084041bb0f6095333e4d239948ad3169443f454add9f4e9cb4",
                "sha256:096b82c5e0ea27ce9138bcbb205313343ee66a6e132f25c5ed67e2c8d960a1bc",
                "sha256:0a920ff98cf1aac310470c644bc23b326402d3ef667ddafecb024e1713d485f1",
                "sha256:1409b14bf83a7d729f92e2a7fbfe7ec929d4883ca071b06e95c539ceedb6497c",
                "sha256:17cae1730a782858a6e2758fd20dd0ef7567916c47757b694a06ffafdec20046",
                "sha256:17e3950add54c882e032527795c625929613adbd2ce5162b94667334458b5a36",
                "sha256:1f4f214337f6ee5825bf90a65d04d70aab05526c08191ab888cb5149501923c5",
                "sha256:2e8f77db25b0a96af679e64ff9bf9dddb27d379c9900c3272f3041c4d1327c9d",
                "sha256:4dffd405390a45ecb95ab5ab1c1b847553c18b0ef8ed01e10c1c8b1a76452916",
                "sha256:6b899931a5648862c7b88c795eddff7588fb585e81cecce20f8d9da16eff96e0",
                "sha256:726c17f3e0d7a7200718c9a890ccfeab391c9133e363a577a44717c85c71db27",
                "sha256:760c12276fee05c36f95f8040180abc7fbebb9e5011447a97cdc289b5d6ab6fc",
                "sha256:796685d3969815a633827c818863ee199440696b0961e200b011d79b9394bbe7",
                "sha256:891fe897b49abb7db470c55664b198b1095e4943b9f82b7dcab317a19116cd38",
                "sha256:9277562f175d2334744ad297568677056861070399cec56ff06abbe2564d1232",
                "sha256:a471628e20f03dcdfde00770eeaf9c77811f0c331c8805219ca7b87ac17576c5",
                "sha256:a63b4fd3e2cabdcc9d918ed280bdde3e8e9641e04f3c59a2a3109644a07b9832",
                "sha256:ae88588d687bd476be588010cbbe551e9c2872b816f2da8f01f6f1fda74e1ef0",
                "sha256:b0b84408d4eabc6de9dd1e1e0bc63e7731e890c0b378a62443e5741cfd0ae90a",
                "sha256:be78485e5d5f3684e875dab60f40cddace2f5b2a8f7fede412358ab3214c3a6f",
                "sha256:c27eaed872185f047bb7f7da2d21a7d8913457678c9a100a50db6da890bc28b9",
                "sha256:c7fccd08b14aa437fe096c71c645c0f9be0655a9b1a4b7cffc77bcb23b3d61d2",
                "sha256:c81cb40bff373ab7a7446d6bbca0190bccc5be3448b47b51d729e37799bb5692",
                "sha256:d11874b3c33ee441059464711cd365b89fa1a9cf19ae75b0c189b01fbf735b84",
                "sha256:e9c028b5897901361d81a4718d1db217b716424a0283afe9d6735fe0caf70f79",
                "sha256:fe489d486cd00b739be826e8c1be188ddb74c7a1ca784d93d06fda882a6a1681"
            ],
            "version": "==4.4.1"
        },
        "markupsafe": {
            "hashes": [
                "sha256:00bc623926325b26bb9605ae9eae8a215691f33cae5df11ca5424f06f2d1f473",
                "sha256:09027a7803a62ca78792ad89403b1b7a73a01c8cb65909cd876f7fcebd79b161",
                "sha256:09c4b7f37d6c648cb13f9230d847adf22f8171b1ccc4d5682398e77f40309235",
                "sha256:1027c282dad077d0bae18be6794e6b6b8c91d58ed8a8d89a89d59693b9131db5",
                "sha256:24982cc2533820871eba85ba648cd53d8623687ff11cbb805be4ff7b4c971aff",
                "sha256:29872e92839765e546828bb7754a68c418d927cd064fd4708fab9fe9c8bb116b",
                "sha256:43a55c2930bbc139570ac2452adf3d70cdbb3cfe5912c71cdce1c2c6bbd9c5d1",
                "sha256:46c99d2de99945ec5cb54f23c8cd5689f6d7177305ebff350a58ce5f8de1669e",
                "sha256:500d4957e52ddc3351cabf489e79c91c17f6e0899158447047588650b5e69183",
                "sha256:535f6fc4d397c1563d08b88e485c3496cf5784e927af890fb3c3aac7f933ec66",
                "sha256:62fe6c95e3ec8a7fad637b7f3d372c15ec1caa01ab47926cfdf7a75b40e0eac1",
                "sha256:6dd73240d2af64df90aa7c4e7481e23825ea70af4b4922f8ede5b9e35f78a3b1",
                "sha256:717ba8fe3ae9cc0006d7c451f0bb265ee07739daf76355d06366154ee68d221e",
                "sha256:79855e1c5b8da654cf486b830bd42c06e8780cea587384cf6545b7d9ac013a0b",
                "sha256:7c1699dfe0cf8ff607dbdcc1e9b9af1755371f92a68f706051cc8c37d447c905",
                "sha256:88e5fcfb52ee7b911e8bb6d6aa2fd21fbecc674eadd44118a9cc3863f938e735",
                "sha256:8defac2f2ccd6805ebf65f5eeb132adcf2ab57aa11fdf4c0dd5169a004710e7d",
                "sha256:98c7086708b163d425c67c7a91bad6e466bb99d797aa64f965e9d25c12111a5e",
                "sha256:9add70b36c5666a2ed02b43b335fe19002ee5235efd4b8a89bfcf9005bebac0d",
                "sha256:9bf40443012702a1d2070043cb6291650a0841ece432556f784f004937f0f32c",
                "sha256:ade5e387d2ad0d7ebf59146cc00c8044acbd863725f887353a10df825fc8ae21",
                "sha256:b00c1de48212e4cc9603895652c5c410df699856a2853135b3967591e4beebc2",
                "sha256:b1282f8c00509d99fef04d8ba936b156d419be841854fe901d8ae224c59f0be5",
                "sha256:b2051432115498d3562c084a49bba65d97cf251f5a331c64a12ee7e04dacc51b",
                "sha256:ba59edeaa2fc6114428f1637ffff42da1e311e29382d81b339c1817d37ec93c6",
                "sha256:c8716a48d94b06bb3b2524c2b77e055fb313aeb4ea620c8dd03a105574ba704f",
                "sha256:cd5df75523866410809ca100dc9681e301e3c27567cf498077e8551b6d20e42f",
                "sha256:e249096428b3ae81b08327a63a485ad0878de3fb939049038579ac0ef61e17e7"
            ],
            "version": "==1.1.1"
        },
        "more-itertools": {
            "hashes": [
                "sha256:409cd48d4db7052af495b09dec721011634af3753ae1ef92d2b32f73a745f832",
                "sha256:92b8c4b06dac4f0611c0729b2f2ede52b2e1bac1ab48f089c7ddc12e26bb60c4"
            ],
            "version": "==7.2.0"
        },
        "msgpack": {
            "hashes": [
                "sha256:0cc7ca04e575ba34fea7cfcd76039f55def570e6950e4155a4174368142c8e1b",
                "sha256:187794cd1eb73acccd528247e3565f6760bd842d7dc299241f830024a7dd5610",
                "sha256:1904b7cb65342d0998b75908304a03cb004c63ef31e16c8c43fee6b989d7f0d7",
                "sha256:229a0ccdc39e9b6c6d1033cd8aecd9c296823b6c87f0de3943c59b8bc7c64bee",
                "sha256:24149a75643aeaa81ece4259084d11b792308a6cf74e796cbb35def94c89a25a",
                "sha256:30b88c47e0cdb6062daed88ca283b0d84fa0d2ad6c273aa0788152a1c643e408",
                "sha256:32fea0ea3cd1ef820286863a6202dcfd62a539b8ec3edcbdff76068a8c2cc6ce",
                "sha256:355f7fd0f90134229eaeefaee3cf42e0afc8518e8f3cd4b25f541a7104dcb8f9",
                "sha256:4abdb88a9b67e64810fb54b0c24a1fd76b12297b4f7a1467d85a14dd8367191a",
                "sha256:757bd71a9b89e4f1db0622af4436d403e742506dbea978eba566815dc65ec895",
                "sha256:76df51492bc6fa6cc8b65d09efdb67cbba3cbfe55004c3afc81352af92b4a43c",
                "sha256:774f5edc3475917cd95fe593e625d23d8580f9b48b570d8853d06cac171cd170",
                "sha256:8a3ada8401736df2bf497f65589293a86c56e197a80ae7634ec2c3150a2f5082",
                "sha256:a06efd0482a1942aad209a6c18321b5e22d64eb531ea20af138b28172d8f35ba",
                "sha256:b24afc52e18dccc8c175de07c1d680bdf315844566f4952b5bedb908894bec79",
                "sha256:b8b4bd3dafc7b92608ae5462add1c8cc881851c2d4f5d8977fdea5b081d17f21",
                "sha256:c6e5024fc0cdf7f83b6624850309ddd7e06c48a75fa0d1c5173de4d93300eb19",
                "sha256:db7ff14abc73577b0bcbcf73ecff97d3580ecaa0fc8724babce21fdf3fe08ef6",
                "sha256:dedf54d72d9e7b6d043c244c8213fe2b8bbfe66874b9a65b39c4cc892dd99dd4",
                "sha256:ea3c2f859346fcd55fc46e96885301d9c2f7a36d453f5d8f2967840efa1e1830",
                "sha256:f0f47bafe9c9b8ed03e19a100a743662dd8c6d0135e684feea720a0d0046d116"
            ],
            "version": "==0.6.2"
        },
        "multidict": {
            "hashes": [
                "sha256:024b8129695a952ebd93373e45b5d341dbb87c17ce49637b34000093f243dd4f",
                "sha256:041e9442b11409be5e4fc8b6a97e4bcead758ab1e11768d1e69160bdde18acc3",
                "sha256:045b4dd0e5f6121e6f314d81759abd2c257db4634260abcfe0d3f7083c4908ef",
                "sha256:047c0a04e382ef8bd74b0de01407e8d8632d7d1b4db6f2561106af812a68741b",
                "sha256:068167c2d7bbeebd359665ac4fff756be5ffac9cda02375b5c5a7c4777038e73",
                "sha256:148ff60e0fffa2f5fad2eb25aae7bef23d8f3b8bdaf947a65cdbe84a978092bc",
                "sha256:1d1c77013a259971a72ddaa83b9f42c80a93ff12df6a4723be99d858fa30bee3",
                "sha256:1d48bc124a6b7a55006d97917f695effa9725d05abe8ee78fd60d6588b8344cd",
                "sha256:31dfa2fc323097f8ad7acd41aa38d7c614dd1960ac6681745b6da124093dc351",
                "sha256:34f82db7f80c49f38b032c5abb605c458bac997a6c3142e0d6c130be6fb2b941",
                "sha256:3d5dd8e5998fb4ace04789d1d008e2bb532de501218519d70bb672c4c5a2fc5d",
                "sha256:4a6ae52bd3ee41ee0f3acf4c60ceb3f44e0e3bc52ab7da1c2b2aa6703363a3d1",
                "sha256:4b02a3b2a2f01d0490dd39321c74273fed0568568ea0e7ea23e02bd1fb10a10b",
                "sha256:4b843f8e1dd6a3195679d9838eb4670222e8b8d01bc36c9894d6c3538316fa0a",
                "sha256:5de53a28f40ef3c4fd57aeab6b590c2c663de87a5af76136ced519923d3efbb3",
                "sha256:61b2b33ede821b94fa99ce0b09c9ece049c7067a33b279f343adfe35108a4ea7",
                "sha256:6a3a9b0f45fd75dc05d8e93dc21b18fc1670135ec9544d1ad4acbcf6b86781d0",
                "sha256:76ad8e4c69dadbb31bad17c16baee61c0d1a4a73bed2590b741b2e1a46d3edd0",
                "sha256:7ba19b777dc00194d1b473180d4ca89a054dd18de27d0ee2e42a103ec9b7d014",
                "sha256:7c1b7eab7a49aa96f3db1f716f0113a8a2e93c7375dd3d5d21c4941f1405c9c5",
                "sha256:7fc0eee3046041387cbace9314926aa48b681202f8897f8bff3809967a049036",
                "sha256:8ccd1c5fff1aa1427100ce188557fc31f1e0a383ad8ec42c559aabd4ff08802d",
                "sha256:8e08dd76de80539d613654915a2f5196dbccc67448df291e69a88712ea21e24a",
                "sha256:c18498c50c59263841862ea0501da9f2b3659c00db54abfbf823a80787fde8ce",
                "sha256:c49db89d602c24928e68c0d510f4fcf8989d77defd01c973d6cbe27e684833b1",
                "sha256:ce20044d0317649ddbb4e54dab3c1bcc7483c78c27d3f58ab3d0c7e6bc60d26a",
                "sha256:d1071414dd06ca2eafa90c85a079169bfeb0e5f57fd0b45d44c092546fcd6fd9",
                "sha256:d3be11ac43ab1a3e979dac80843b42226d5d3cccd3986f2e03152720a4297cd7",
                "sha256:db603a1c235d110c860d5f39988ebc8218ee028f07a7cbc056ba6424372ca31b"
            ],
            "version": "==4.5.2"
        },
        "outcome": {
            "hashes": [
                "sha256:ee46c5ce42780cde85d55a61819d0e6b8cb490f1dbd749ba75ff2629771dcd2d",
                "sha256:fc7822068ba7dd0fc2532743611e8a73246708d3564e29a39f93d6ab3701b66f"
            ],
            "version": "==1.0.1"
        },
        "priority": {
            "hashes": [
                "sha256:6bc1961a6d7fcacbfc337769f1a382c8e746566aaa365e78047abe9f66b2ffbe",
                "sha256:be4fcb94b5e37cdeb40af5533afe6dd603bd665fe9c8b3052610fc1001d5d1eb"
            ],
            "version": "==1.3.0"
        },
        "pymavlink": {
            "hashes": [
                "sha256:28a0281c72b822a39f7393b375fdf1f4def37d0bf298a7d46839be97f8fd3b8a"
            ],
            "index": "pypi",
            "version": "==2.4.0"
        },
        "pynmea2": {
            "hashes": [
                "sha256:8b83fa7e3e668af5e182ef1c2fd4a535433ecadf60d7b627280172d695a1646b",
                "sha256:fe786594299588d1bfbd346ece2c2c1e5b24e160dcb740813c34bfa70d0a141d"
            ],
            "index": "pypi",
            "version": "==1.15.0"
        },
        "pyrsistent": {
            "hashes": [
                "sha256:eb6545dbeb1aa69ab1fb4809bfbf5a8705e44d92ef8fc7c2361682a47c46c778"
            ],
            "version": "==0.15.5"
        },
        "python-baseconv": {
            "hashes": [
                "sha256:0539f8bd0464013b05ad62e0a1673f0ac9086c76b43ebf9f833053527cd9931b"
            ],
            "index": "pypi",
            "version": "==1.2.2"
        },
        "python-dotenv": {
            "hashes": [
                "sha256:debd928b49dbc2bf68040566f55cdb3252458036464806f4094487244e2a4093",
                "sha256:f157d71d5fec9d4bd5f51c82746b6344dffa680ee85217c123f4a0c8117c4544"
            ],
            "index": "pypi",
            "version": "==0.10.3"
        },
        "quart": {
            "hashes": [
                "sha256:243db3bcd6698d1d6adb966e2ed5aca5d4d4648345abcaa3f79f14de76fb33be",
                "sha256:d329f2c392031f87c32ff2dcd6e11dc1fbf94c7449c3afe2d7541326ae390703"
            ],
            "index": "pypi",
            "version": "==0.10.0"
        },
        "quart-trio": {
            "hashes": [
                "sha256:a314c1aa6bfbf61af23a1065ec3ab8dfdb4c5bba9f013d2874f4ccf4e2eaead1",
                "sha256:ac165889838dee0d5d2c991c391c7429f9cccabf2f6296936a72d8b7a891079f"
            ],
            "index": "pypi",
            "version": "==0.4.0"
        },
        "sentry-sdk": {
            "hashes": [
                "sha256:09e1e8f00f22ea580348f83bbbd880adf40b29f1dec494a8e4b33e22f77184fb",
                "sha256:ff1fa7fb85703ae9414c8b427ee73f8363232767c9cd19158f08f6e4f0b58fc7"
            ],
            "index": "pypi",
            "version": "==0.13.2"
        },
        "six": {
            "hashes": [
                "sha256:1f1b7d42e254082a9db6279deae68afb421ceba6158efa6131de7b3003ee93fd",
                "sha256:30f610279e8b2578cab6db20741130331735c781b56053c59c4076da27f06b66"
            ],
            "index": "pypi",
            "version": "==1.13.0"
        },
        "sniffio": {
            "hashes": [
                "sha256:20ed6d5b46f8ae136d00b9dcb807615d83ed82ceea6b2058cecb696765246da5",
                "sha256:8e3810100f69fe0edd463d02ad407112542a11ffdc29f67db2bf3771afb87a21"
            ],
            "version": "==1.1.0"
        },
        "sortedcontainers": {
            "hashes": [
                "sha256:974e9a32f56b17c1bac2aebd9dcf197f3eb9cd30553c5852a3187ad162e1a03a",
                "sha256:d9e96492dd51fae31e60837736b38fe42a187b5404c16606ff7ee7cd582d4c60"
            ],
            "version": "==2.1.0"
        },
        "tinyrpc": {
            "extras": [
                "msgpack"
            ],
            "hashes": [
                "sha256:4b41fab967fb1c978f573bf0d609a3b12cc3b6ed62bd3108f43f575563746396"
            ],
            "index": "pypi",
            "version": "==1.0.4"
        },
        "toml": {
            "hashes": [
                "sha256:229f81c57791a41d65e399fc06bf0848bab550a9dfd5ed66df18ce5f05e73d5c",
                "sha256:235682dd292d5899d361a811df37e04a8828a5b1da3115886b73cf81ebc9100e"
            ],
            "version": "==0.10.0"
        },
        "trio": {
            "hashes": [
                "sha256:a6d83c0cb4a177ec0f5179ce88e27914d5c8e6fd01c4285176b949e6ddc88c6c",
                "sha256:f1cf00054ad974c86d9b7afa187a65d79fd5995340abe01e8e4784d86f4acb30"
            ],
            "index": "pypi",
            "version": "==0.13.0"
        },
        "trio-util": {
            "hashes": [
                "sha256:418868667c47ac74978876ff73615eebdf6cdb13a1d171c03d7268bd3e676726",
                "sha256:cf1b90961e39084effc9ad224cd14175ddf5f685627b7f329b08ed22ddb559d4"
            ],
            "index": "pypi",
            "version": "==0.1.0"
        },
        "typing-extensions": {
            "hashes": [
                "sha256:091ecc894d5e908ac75209f10d5b4f118fbdb2eb1ede6a63544054bb1edb41f2",
                "sha256:910f4656f54de5993ad9304959ce9bb903f90aadc7c67a0bef07e678014e892d",
                "sha256:cf8b63fedea4d89bab840ecbb93e75578af28f76f66c35889bd7065f5af88575"
            ],
            "version": "==3.7.4.1"
        },
        "urllib3": {
            "hashes": [
                "sha256:a8a318824cc77d1fd4b2bec2ded92646630d7fe8619497b142c84a9e6f5a7293",
                "sha256:f3c5fd51747d450d4dcf6f923c81f78f811aab8205fda64b0aba34a4e48b0745"
            ],
            "version": "==1.25.7"
        },
        "wsproto": {
            "hashes": [
                "sha256:614798c30e5dc2b3f65acc03d2d50842b97621487350ce79a80a711229edfa9d",
                "sha256:e3d190a11d9307112ba23bbe60055604949b172143969c8f641318476a9b6f1d"
            ],
            "version": "==0.15.0"
        },
        "zeroconf": {
            "hashes": [
                "sha256:21d02538ff52fc572e1d785c692b97b8d4374623cb95d593cc06ab92bd5aaf61",
                "sha256:e0c333b967c48f8b2e5cc94a1d4d28893023fb06dfd797ee384a94cdd1d0eef5"
            ],
            "index": "pypi",
            "version": "==0.23.0"
        },
        "zipp": {
            "hashes": [
                "sha256:3718b1cbcd963c7d4c5511a8240812904164b7f381b647143a89d3b98f9bcd8e",
                "sha256:f06903e9f1f43b12d371004b4ac7b06ab39a44adc747266928ae6debfa7b3335"
            ],
            "version": "==0.6.0"
        }
    },
    "develop": {
        "altgraph": {
            "hashes": [
                "sha256:d6814989f242b2b43025cba7161fc1b8fb487a62cd49c49245d6fd01c18ac997",
                "sha256:ddf5320017147ba7b810198e0b6619bd7b5563aa034da388cea8546b877f9b0c"
            ],
            "version": "==0.16.1"
        },
        "appdirs": {
            "hashes": [
                "sha256:9e5896d1372858f8dd3344faf4e5014d21849c756c8d5701f78f8a103b372d92",
                "sha256:d8b24664561d0d34ddfaec54636d502d7cea6e29c3eaf68f3df6180863e2166e"
            ],
            "version": "==1.4.3"
        },
        "async-generator": {
            "hashes": [
                "sha256:01c7bf666359b4967d2cda0000cc2e4af16a0ae098cbffcb8472fb9e8ad6585b",
                "sha256:6ebb3d106c12920aaae42ccb6f787ef5eefdcdd166ea3d628fa8476abe712144"
            ],
            "version": "==1.10"
        },
        "atomicwrites": {
            "hashes": [
                "sha256:03472c30eb2c5d1ba9227e4c2ca66ab8287fbfbbda3888aa93dc2e28fc6811b4",
                "sha256:75a9445bac02d8d058d5e1fe689654ba5a6556a1dfd8ce6ec55a0ed79866cfa6"
            ],
            "version": "==1.3.0"
        },
        "attrs": {
            "hashes": [
                "sha256:08a96c641c3a74e44eb59afb61a24f2cb9f4d7188748e76ba4bb5edfa3cb7d1c",
                "sha256:f7b7ce16570fe9965acd6d30101a28f62fb4a7f9e926b3bbc9b61f8b04247e72"
            ],
            "index": "pypi",
            "version": "==19.3.0"
        },
        "cached-property": {
            "hashes": [
                "sha256:3a026f1a54135677e7da5ce819b0c690f156f37976f3e30c5430740725203d7f",
                "sha256:9217a59f14a5682da7c4b8829deadbfc194ac22e9908ccf7c8820234e80a1504"
            ],
            "version": "==1.5.1"
        },
        "cerberus": {
            "hashes": [
                "sha256:302e6694f206dd85cb63f13fd5025b31ab6d38c99c50c6d769f8fa0b0f299589"
            ],
            "version": "==1.3.2"
        },
        "certifi": {
            "hashes": [
                "sha256:e4f3620cfea4f83eedc95b24abd9cd56f3c4b146dd0177e83a21b4eb49e21e50",
                "sha256:fd7c7c74727ddcf00e9acd26bba8da604ffec95bf1c2144e67aff7a8b50e6cef"
            ],
            "version": "==2019.9.11"
        },
        "chardet": {
            "hashes": [
                "sha256:84ab92ed1c4d4f16916e05906b6b75a6c0fb5db821cc65e70cbd64a3e2a5eaae",
                "sha256:fc323ffcaeaed0e0a02bf4d117757b98aed530d9ed4531e3e15460124c106691"
            ],
            "version": "==3.0.4"
        },
        "colorama": {
            "hashes": [
                "sha256:05eed71e2e327246ad6b38c540c4a3117230b19679b875190486ddd2d721422d",
                "sha256:f8ac84de7840f5b9c4e3347b3c1eaa50f7e49c2b07596221daec5edaabbd7c48"
            ],
            "version": "==0.4.1"
        },
        "distlib": {
            "hashes": [
                "sha256:2e166e231a26b36d6dfe35a48c4464346620f8645ed0ace01ee31822b288de21"
            ],
            "version": "==0.3.0"
        },
        "first": {
            "hashes": [
                "sha256:8d8e46e115ea8ac652c76123c0865e3ff18372aef6f03c22809ceefcea9dec86",
                "sha256:ff285b08c55f8c97ce4ea7012743af2495c9f1291785f163722bd36f6af6d3bf"
            ],
            "version": "==2.0.2"
        },
        "idna": {
            "hashes": [
                "sha256:c357b3f628cf53ae2c4c05627ecc484553142ca23264e593d327bcde5e9c3407",
                "sha256:ea8b7f6188e6fa117537c3df7da9fc686d485087abf6ac197f9c46432f7e4a3c"
            ],
            "version": "==2.8"
        },
        "importlib-metadata": {
            "hashes": [
                "sha256:aa18d7378b00b40847790e7c27e11673d7fed219354109d0e7b9e5b25dc3ad26",
                "sha256:d5f18a79777f3aa179c145737780282e27b508fc8fd688cb17c7a813e8bd39af"
            ],
            "version": "==0.23"
        },
        "macholib": {
            "hashes": [
                "sha256:ac02d29898cf66f27510d8f39e9112ae00590adb4a48ec57b25028d6962b1ae1",
                "sha256:c4180ffc6f909bf8db6cd81cff4b6f601d575568f4d5dee148c830e9851eb9db"
            ],
            "version": "==1.11"
        },
        "more-itertools": {
            "hashes": [
                "sha256:409cd48d4db7052af495b09dec721011634af3753ae1ef92d2b32f73a745f832",
                "sha256:92b8c4b06dac4f0611c0729b2f2ede52b2e1bac1ab48f089c7ddc12e26bb60c4"
            ],
            "version": "==7.2.0"
        },
        "orderedmultidict": {
            "hashes": [
                "sha256:04070bbb5e87291cc9bfa51df413677faf2141c73c61d2a5f7b26bea3cd882ad",
                "sha256:43c839a17ee3cdd62234c47deca1a8508a3f2ca1d0678a3bf791c87cf84adbf3"
            ],
            "version": "==1.0.1"
        },
        "outcome": {
            "hashes": [
                "sha256:ee46c5ce42780cde85d55a61819d0e6b8cb490f1dbd749ba75ff2629771dcd2d",
                "sha256:fc7822068ba7dd0fc2532743611e8a73246708d3564e29a39f93d6ab3701b66f"
            ],
            "version": "==1.0.1"
        },
        "packaging": {
            "hashes": [
                "sha256:28b924174df7a2fa32c1953825ff29c61e2f5e082343165438812f00d3a7fc47",
                "sha256:d9551545c6d761f3def1677baf08ab2a3ca17c56879e70fecba2fc4dde4ed108"
            ],
            "version": "==19.2"
        },
        "pep517": {
            "hashes": [
                "sha256:d283181fdb83fb698556cd3a4ebde5bb352b59242574e6ca56a95118774da374",
                "sha256:fac83aa4c3b73adc84cb2a295f1f5bd5b9a13946ebd1339ba3b33ce287165c88"
            ],
            "version": "==0.7.0"
        },
        "pip-shims": {
            "hashes": [
                "sha256:0162d846bd60c7b1feb4e1336541a3e661eb6a1eff4b9ea0d759780f8e0a2936",
                "sha256:d73372b9fa3a10e73f057fced70d39bb82df16a1ee3ded027fed0bb8d7c0ff97"
            ],
            "version": "==0.3.3"
        },
        "pipfile-requirements": {
            "hashes": [
                "sha256:83d0aa7765a1506d38e4c24c1b8d295d55b6e9cb86b1d11287648e9f45b2683e",
                "sha256:dfb0430cda5844109415eb75ea3dbb38257b0de8d0825854cea9ae6686e0b159"
            ],
            "index": "pypi",
            "version": "==0.1.1"
        },
        "plette": {
            "extras": [
                "validation"
            ],
            "hashes": [
                "sha256:46402c03e36d6eadddad2a5125990e322dd74f98160c8f2dcd832b2291858a26",
                "sha256:d6c9b96981b347bddd333910b753b6091a2c1eb2ef85bb373b4a67c9d91dca16"
            ],
            "version": "==0.2.3"
        },
        "pluggy": {
            "hashes": [
                "sha256:0db4b7601aae1d35b4a033282da476845aa19185c1e6964b25cf324b5e4ec3e6",
                "sha256:fa5fa1622fa6dd5c030e9cad086fa19ef6a0cf6d7a2d12318e10cb49d6d68f34"
            ],
            "version": "==0.13.0"
        },
        "py": {
            "hashes": [
                "sha256:64f65755aee5b381cea27766a3a147c3f15b9b6b9ac88676de66ba2ae36793fa",
                "sha256:dc639b046a6e2cff5bbe40194ad65936d6ba360b52b3c3fe1d08a82dd50b5e53"
            ],
            "version": "==1.8.0"
        },
        "pyinstaller": {
            "hashes": [
                "sha256:ee7504022d1332a3324250faf2135ea56ac71fdb6309cff8cd235de26b1d0a96"
            ],
            "index": "pypi",
            "version": "==3.5"
        },
        "pyparsing": {
            "hashes": [
                "sha256:20f995ecd72f2a1f4bf6b072b63b22e2eb457836601e76d6e5dfcd75436acc1f",
                "sha256:4ca62001be367f01bd3e92ecbb79070272a9d4964dce6a48a82ff0b8bc7e683a"
            ],
            "version": "==2.4.5"
        },
        "pytest": {
            "hashes": [
                "sha256:27abc3fef618a01bebb1f0d6d303d2816a99aa87a5968ebc32fe971be91eb1e6",
                "sha256:58cee9e09242937e136dbb3dab466116ba20d6b7828c7620f23947f37eb4dae4"
            ],
            "index": "pypi",
            "version": "==5.2.2"
        },
        "pytest-trio": {
            "hashes": [
                "sha256:6a50e9585ebbb0ce9ae83d33bde7865952d76c4d4b8759a0345a551f113d468c",
                "sha256:848c2ba632d9c2d4e2770fe4eb149c8db69ecefc9239e2e6f77c41d9a2393d5e"
            ],
            "index": "pypi",
            "version": "==0.5.2"
        },
        "requests": {
            "hashes": [
                "sha256:11e007a8a2aa0323f5a921e9e6a2d7e4e67d9877e85773fba9ba6419025cbeb4",
                "sha256:9cf5292fcd0f598c671cfc1e0d7d1a7f13bb8085e9a590f48c010551dc6c4b31"
            ],
            "version": "==2.22.0"
        },
        "requirementslib": {
            "hashes": [
                "sha256:50731ac1052473e4c7df59a44a1f3aa20f32e687110bc05d73c3b4109eebc23d",
                "sha256:8b594ab8b6280ee97cffd68fc766333345de150124d5b76061dd575c3a21fe5a"
            ],
            "version": "==1.5.3"
        },
        "six": {
            "hashes": [
                "sha256:1f1b7d42e254082a9db6279deae68afb421ceba6158efa6131de7b3003ee93fd",
                "sha256:30f610279e8b2578cab6db20741130331735c781b56053c59c4076da27f06b66"
            ],
            "index": "pypi",
            "version": "==1.13.0"
        },
        "sniffio": {
            "hashes": [
                "sha256:20ed6d5b46f8ae136d00b9dcb807615d83ed82ceea6b2058cecb696765246da5",
                "sha256:8e3810100f69fe0edd463d02ad407112542a11ffdc29f67db2bf3771afb87a21"
            ],
            "version": "==1.1.0"
        },
        "sortedcontainers": {
            "hashes": [
                "sha256:974e9a32f56b17c1bac2aebd9dcf197f3eb9cd30553c5852a3187ad162e1a03a",
                "sha256:d9e96492dd51fae31e60837736b38fe42a187b5404c16606ff7ee7cd582d4c60"
            ],
            "version": "==2.1.0"
        },
        "toml": {
            "hashes": [
                "sha256:229f81c57791a41d65e399fc06bf0848bab550a9dfd5ed66df18ce5f05e73d5c",
                "sha256:235682dd292d5899d361a811df37e04a8828a5b1da3115886b73cf81ebc9100e"
            ],
            "version": "==0.10.0"
        },
        "tomlkit": {
            "hashes": [
                "sha256:32c10cc16ded7e4101c79f269910658cc2a0be5913f1252121c3cd603051c269",
                "sha256:96e6369288571799a3052c1ef93b9de440e1ab751aa045f435b55e9d3bcd0690"
            ],
            "version": "==0.5.8"
        },
        "trio": {
            "hashes": [
                "sha256:a6d83c0cb4a177ec0f5179ce88e27914d5c8e6fd01c4285176b949e6ddc88c6c",
                "sha256:f1cf00054ad974c86d9b7afa187a65d79fd5995340abe01e8e4784d86f4acb30"
            ],
            "index": "pypi",
            "version": "==0.13.0"
        },
        "urllib3": {
            "hashes": [
                "sha256:a8a318824cc77d1fd4b2bec2ded92646630d7fe8619497b142c84a9e6f5a7293",
                "sha256:f3c5fd51747d450d4dcf6f923c81f78f811aab8205fda64b0aba34a4e48b0745"
            ],
            "version": "==1.25.7"
        },
        "vistir": {
            "hashes": [
                "sha256:2166e3148a67c438c9e3edbba0cde153d42dec6e3bf5d8f4624feb27686c0990",
                "sha256:3a0529b4b6c2e842fd19b5ceaa95b6c9201321314825c110406d4af3331a0709"
            ],
            "version": "==0.4.3"
        },
        "wcwidth": {
            "hashes": [
                "sha256:3df37372226d6e63e1b1e1eda15c594bca98a22d33a23832a90998faa96bc65e",
                "sha256:f4ebe71925af7b40a864553f761ed559b43544f8f71746c2d756c7fe788ade7c"
            ],
            "version": "==0.1.7"
        },
        "wheel": {
            "hashes": [
                "sha256:10c9da68765315ed98850f8e048347c3eb06dd81822dc2ab1d4fde9dc9702646",
                "sha256:f4da1763d3becf2e2cd92a14a7c920f0f00eca30fdde9ea992c836685b9faf28"
            ],
            "version": "==0.33.6"
        },
        "zipp": {
            "hashes": [
                "sha256:3718b1cbcd963c7d4c5511a8240812904164b7f381b647143a89d3b98f9bcd8e",
                "sha256:f06903e9f1f43b12d371004b4ac7b06ab39a44adc747266928ae6debfa7b3335"
            ],
            "version": "==0.6.0"
        }
    }
}
